Microsoft Visual Studio Solution File, Format Version 12.00
# Visual Studio Version 16
VisualStudioVersion = 16.0.30002.166
MinimumVisualStudioVersion = 10.0.40219.1
Project("{2150E333-8FDC-42A3-9474-1A3956D46DE8}") = ".Solution", ".Solution", "{D2888619-EB48-4906-8080-6EDA36530D20}"
	ProjectSection(SolutionItems) = preProject
		.editorconfig = .editorconfig
		nuget.config = nuget.config
		README.md = README.md
	EndProjectSection
EndProject
Project("{2150E333-8FDC-42A3-9474-1A3956D46DE8}") = "Feature", "Feature", "{EFC7128E-B998-4190-9FCB-5CAA7D36D51C}"
EndProject
Project("{2150E333-8FDC-42A3-9474-1A3956D46DE8}") = "Foundation", "Foundation", "{D370FCBB-4412-4BE7-9356-64D4D0AABA70}"
EndProject
Project("{2150E333-8FDC-42A3-9474-1A3956D46DE8}") = "Serialization", "Serialization", "{8E52B0E0-0399-4412-94AD-104E07C0B963}"
EndProject
Project("{FAE04EC0-301F-11D3-BF4B-00C04F79EFBC}") = "Sitecore.Foundation.Serialization", "src\Foundation\Serialization\code\Sitecore.Foundation.Serialization.csproj", "{13119FDB-64D4-408F-9512-93262ADA0DD8}"
EndProject
Project("{2150E333-8FDC-42A3-9474-1A3956D46DE8}") = "Icons", "Icons", "{C01D4FBB-352A-4F77-A3F0-A4A5E423F968}"
EndProject
Project("{FAE04EC0-301F-11D3-BF4B-00C04F79EFBC}") = "SYMB2C.Foundation.Icons", "src\Foundation\Icons\website\SYMB2C.Foundation.Icons.csproj", "{FBB216D9-F8E6-454F-9CFF-AE86AB667B79}"
EndProject
Project("{2150E333-8FDC-42A3-9474-1A3956D46DE8}") = "Rendering", "Rendering", "{B0B56B5F-0571-4E8C-986A-968D21F848C0}"
EndProject
Project("{FAE04EC0-301F-11D3-BF4B-00C04F79EFBC}") = "SYMB2C.Foundation.Rendering", "src\Foundation\Rendering\website\SYMB2C.Foundation.Rendering.csproj", "{74666CF6-97CD-4C50-B551-889DA4F0A6BF}"
EndProject
Project("{2150E333-8FDC-42A3-9474-1A3956D46DE8}") = "DependencyInjection", "DependencyInjection", "{33414BB1-D597-434C-868C-B921FEF86038}"
EndProject
Project("{FAE04EC0-301F-11D3-BF4B-00C04F79EFBC}") = "SYMB2C.Foundation.DependencyInjection", "src\Foundation\DependencyInjection\website\SYMB2C.Foundation.DependencyInjection.csproj", "{70BA1B4A-5F66-45C6-861C-37965E3F0191}"
EndProject
Project("{2150E333-8FDC-42A3-9474-1A3956D46DE8}") = "Common", "Common", "{7A8D8D11-800D-47B3-93FE-DFEABEAEC63D}"
EndProject
Project("{FAE04EC0-301F-11D3-BF4B-00C04F79EFBC}") = "SYMB2C.Foundation.Common", "src\Foundation\Common\website\SYMB2C.Foundation.Common.csproj", "{D7BB924B-9889-4754-AC7A-5856AB53AE75}"
EndProject
Project("{2150E333-8FDC-42A3-9474-1A3956D46DE8}") = "Logging", "Logging", "{2C1B2AEB-BB22-4E94-B2D2-236BEAB6E985}"
EndProject
Project("{FAE04EC0-301F-11D3-BF4B-00C04F79EFBC}") = "SYMB2C.Foundation.Logging", "src\Foundation\Logging\website\SYMB2C.Foundation.Logging.csproj", "{6308611A-ACA7-47EF-A639-E11E266B42B5}"
EndProject
Project("{2150E333-8FDC-42A3-9474-1A3956D46DE8}") = "Mail", "Mail", "{0AC549D2-7598-49CC-B5CB-BB2CBE301EE0}"
EndProject
Project("{FAE04EC0-301F-11D3-BF4B-00C04F79EFBC}") = "SYMB2C.Foundation.Mail", "src\Foundation\Mail\website\SYMB2C.Foundation.Mail.csproj", "{96A886CF-6B9F-47DC-8E23-E4ACA3EE85D3}"
EndProject
Project("{2150E333-8FDC-42A3-9474-1A3956D46DE8}") = "Login", "Login", "{7D3BFDA4-DC21-48CC-97C7-9F9A4AA9FA55}"
EndProject
Project("{FAE04EC0-301F-11D3-BF4B-00C04F79EFBC}") = "SYMB2C.Feature.Login", "src\Feature\Login\website\SYMB2C.Feature.Login.csproj", "{228674A1-D95F-4F7E-8CE3-357FE0E0D77B}"
EndProject
Project("{2150E333-8FDC-42A3-9474-1A3956D46DE8}") = "Consumer", "Consumer", "{AB2103AF-DBDD-49D4-AF0F-EC24A438C399}"
EndProject
Project("{FAE04EC0-301F-11D3-BF4B-00C04F79EFBC}") = "SYMB2C.Foundation.Consumer", "src\Foundation\Consumer\website\SYMB2C.Foundation.Consumer.csproj", "{29D455B7-CCD1-465B-A7F9-3D4AD1AF5AB4}"
EndProject
Project("{FAE04EC0-301F-11D3-BF4B-00C04F79EFBC}") = "SYMB2C.Foundation.Consumer.Abstractions", "src\Foundation\Consumer.Abstractions\website\SYMB2C.Foundation.Consumer.Abstractions.csproj", "{1FC84E5D-1965-433A-87E1-CD8C767D878D}"
EndProject
Project("{FAE04EC0-301F-11D3-BF4B-00C04F79EFBC}") = "SYMB2C.Foundation.Consumer.Fake", "src\Foundation\Consumer.Fake\website\SYMB2C.Foundation.Consumer.Fake.csproj", "{455104A9-8771-44FA-A033-DE2003A91CBC}"
EndProject
Project("{2150E333-8FDC-42A3-9474-1A3956D46DE8}") = "Account", "Account", "{621A3F43-0FBE-4DEC-AE4D-94F62A2A090C}"
EndProject
Project("{FAE04EC0-301F-11D3-BF4B-00C04F79EFBC}") = "SYMB2C.Foundation.Account", "src\Foundation\Account\website\SYMB2C.Foundation.Account.csproj", "{E0C1E6D0-1492-47FF-B80F-139A47DF9A08}"
EndProject
Project("{2150E333-8FDC-42A3-9474-1A3956D46DE8}") = "Caching", "Caching", "{4D0B4427-CE37-44D8-B474-22A1B46F3EE6}"
EndProject
Project("{FAE04EC0-301F-11D3-BF4B-00C04F79EFBC}") = "SYMB2C.Foundation.Caching", "src\Foundation\Caching\website\SYMB2C.Foundation.Caching.csproj", "{83A6824A-825C-4AC6-9DAA-B1D6E4AD6256}"
EndProject
Project("{2150E333-8FDC-42A3-9474-1A3956D46DE8}") = "Settings", "Settings", "{4E260158-F92E-4B4B-9F2C-002F14741BFE}"
EndProject
Project("{FAE04EC0-301F-11D3-BF4B-00C04F79EFBC}") = "SYMB2C.Foundation.Settings", "src\Foundation\Settings\website\SYMB2C.Foundation.Settings.csproj", "{2BDBAF30-BEBD-43E5-AD35-EA4762DAC0F4}"
EndProject
Project("{2150E333-8FDC-42A3-9474-1A3956D46DE8}") = "SEO", "SEO", "{8AEEF95C-BA37-4418-9971-0AA02D162C96}"
EndProject
Project("{FAE04EC0-301F-11D3-BF4B-00C04F79EFBC}") = "SYMB2C.Foundation.SEO", "src\Foundation\SEO\website\SYMB2C.Foundation.SEO.csproj", "{A6A1C7AE-172E-4B3D-A22C-C3A99D919DFD}"
EndProject
Project("{2150E333-8FDC-42A3-9474-1A3956D46DE8}") = "Testing", "Testing", "{4D1880AE-D5B4-4BC9-9D4C-847A1DF3FAC0}"
EndProject
Project("{FAE04EC0-301F-11D3-BF4B-00C04F79EFBC}") = "SYMB2C.Foundation.Testing", "src\Foundation\Testing\tests\SYMB2C.Foundation.Testing\SYMB2C.Foundation.Testing.csproj", "{312A998A-370F-4AD5-B8F9-E93463BAAD67}"
EndProject
Project("{FAE04EC0-301F-11D3-BF4B-00C04F79EFBC}") = "SYMB2C.Feature.Login.Tests", "src\Feature\Login\tests\SYMB2C.Feature.Login.Tests.csproj", "{99C0A157-2BD7-47DF-BAAF-9892CA6F5960}"
EndProject
Project("{FAE04EC0-301F-11D3-BF4B-00C04F79EFBC}") = "SYMB2C.Foundation.Consumer.Tests", "src\Foundation\Consumer\SYMB2C.Foundation.Consumer.Tests\SYMB2C.Foundation.Consumer.Tests.csproj", "{7DF62EFE-D11E-4141-B5B0-5694D4722AA8}"
EndProject
Project("{FAE04EC0-301F-11D3-BF4B-00C04F79EFBC}") = "SYMB2C.Foundation.LinkTracker", "src\Foundation\LinkTracker\code\SYMB2C.Foundation.LinkTracker.csproj", "{C8844437-998F-4371-8DEA-53BE5E4A2DD8}"
EndProject
Project("{2150E333-8FDC-42A3-9474-1A3956D46DE8}") = "LinkTracker", "LinkTracker", "{92ED686F-8199-4D83-8AFA-3C43BA4ADA6F}"
EndProject
Global
	GlobalSection(SolutionConfigurationPlatforms) = preSolution
		Debug|Any CPU = Debug|Any CPU
		Dev|Any CPU = Dev|Any CPU
		DevOps|Any CPU = DevOps|Any CPU
		QA|Any CPU = QA|Any CPU
		Release|Any CPU = Release|Any CPU
	EndGlobalSection
	GlobalSection(ProjectConfigurationPlatforms) = postSolution
		{13119FDB-64D4-408F-9512-93262ADA0DD8}.Debug|Any CPU.ActiveCfg = Debug|Any CPU
		{13119FDB-64D4-408F-9512-93262ADA0DD8}.Debug|Any CPU.Build.0 = Debug|Any CPU
		{13119FDB-64D4-408F-9512-93262ADA0DD8}.Dev|Any CPU.ActiveCfg = DevOps|Any CPU
		{13119FDB-64D4-408F-9512-93262ADA0DD8}.Dev|Any CPU.Build.0 = DevOps|Any CPU
		{13119FDB-64D4-408F-9512-93262ADA0DD8}.DevOps|Any CPU.ActiveCfg = DevOps|Any CPU
		{13119FDB-64D4-408F-9512-93262ADA0DD8}.DevOps|Any CPU.Build.0 = DevOps|Any CPU
		{13119FDB-64D4-408F-9512-93262ADA0DD8}.QA|Any CPU.ActiveCfg = Release|Any CPU
		{13119FDB-64D4-408F-9512-93262ADA0DD8}.QA|Any CPU.Build.0 = Release|Any CPU
		{13119FDB-64D4-408F-9512-93262ADA0DD8}.Release|Any CPU.ActiveCfg = Release|Any CPU
		{13119FDB-64D4-408F-9512-93262ADA0DD8}.Release|Any CPU.Build.0 = Release|Any CPU
		{FBB216D9-F8E6-454F-9CFF-AE86AB667B79}.Debug|Any CPU.ActiveCfg = Debug|Any CPU
		{FBB216D9-F8E6-454F-9CFF-AE86AB667B79}.Debug|Any CPU.Build.0 = Debug|Any CPU
		{FBB216D9-F8E6-454F-9CFF-AE86AB667B79}.Dev|Any CPU.ActiveCfg = DevOps|Any CPU
		{FBB216D9-F8E6-454F-9CFF-AE86AB667B79}.Dev|Any CPU.Build.0 = DevOps|Any CPU
		{FBB216D9-F8E6-454F-9CFF-AE86AB667B79}.DevOps|Any CPU.ActiveCfg = DevOps|Any CPU
		{FBB216D9-F8E6-454F-9CFF-AE86AB667B79}.DevOps|Any CPU.Build.0 = DevOps|Any CPU
		{FBB216D9-F8E6-454F-9CFF-AE86AB667B79}.QA|Any CPU.ActiveCfg = Release|Any CPU
		{FBB216D9-F8E6-454F-9CFF-AE86AB667B79}.QA|Any CPU.Build.0 = Release|Any CPU
		{FBB216D9-F8E6-454F-9CFF-AE86AB667B79}.Release|Any CPU.ActiveCfg = Release|Any CPU
		{FBB216D9-F8E6-454F-9CFF-AE86AB667B79}.Release|Any CPU.Build.0 = Release|Any CPU
		{74666CF6-97CD-4C50-B551-889DA4F0A6BF}.Debug|Any CPU.ActiveCfg = Debug|Any CPU
		{74666CF6-97CD-4C50-B551-889DA4F0A6BF}.Debug|Any CPU.Build.0 = Debug|Any CPU
		{74666CF6-97CD-4C50-B551-889DA4F0A6BF}.Dev|Any CPU.ActiveCfg = DevOps|Any CPU
		{74666CF6-97CD-4C50-B551-889DA4F0A6BF}.Dev|Any CPU.Build.0 = DevOps|Any CPU
		{74666CF6-97CD-4C50-B551-889DA4F0A6BF}.DevOps|Any CPU.ActiveCfg = DevOps|Any CPU
		{74666CF6-97CD-4C50-B551-889DA4F0A6BF}.DevOps|Any CPU.Build.0 = DevOps|Any CPU
		{74666CF6-97CD-4C50-B551-889DA4F0A6BF}.QA|Any CPU.ActiveCfg = Release|Any CPU
		{74666CF6-97CD-4C50-B551-889DA4F0A6BF}.QA|Any CPU.Build.0 = Release|Any CPU
		{74666CF6-97CD-4C50-B551-889DA4F0A6BF}.Release|Any CPU.ActiveCfg = Release|Any CPU
		{74666CF6-97CD-4C50-B551-889DA4F0A6BF}.Release|Any CPU.Build.0 = Release|Any CPU
		{70BA1B4A-5F66-45C6-861C-37965E3F0191}.Debug|Any CPU.ActiveCfg = Debug|Any CPU
		{70BA1B4A-5F66-45C6-861C-37965E3F0191}.Debug|Any CPU.Build.0 = Debug|Any CPU
		{70BA1B4A-5F66-45C6-861C-37965E3F0191}.Dev|Any CPU.ActiveCfg = DevOps|Any CPU
		{70BA1B4A-5F66-45C6-861C-37965E3F0191}.Dev|Any CPU.Build.0 = DevOps|Any CPU
		{70BA1B4A-5F66-45C6-861C-37965E3F0191}.DevOps|Any CPU.ActiveCfg = DevOps|Any CPU
		{70BA1B4A-5F66-45C6-861C-37965E3F0191}.DevOps|Any CPU.Build.0 = DevOps|Any CPU
		{70BA1B4A-5F66-45C6-861C-37965E3F0191}.QA|Any CPU.ActiveCfg = Release|Any CPU
		{70BA1B4A-5F66-45C6-861C-37965E3F0191}.QA|Any CPU.Build.0 = Release|Any CPU
		{70BA1B4A-5F66-45C6-861C-37965E3F0191}.Release|Any CPU.ActiveCfg = Release|Any CPU
		{70BA1B4A-5F66-45C6-861C-37965E3F0191}.Release|Any CPU.Build.0 = Release|Any CPU
		{D7BB924B-9889-4754-AC7A-5856AB53AE75}.Debug|Any CPU.ActiveCfg = Debug|Any CPU
		{D7BB924B-9889-4754-AC7A-5856AB53AE75}.Debug|Any CPU.Build.0 = Debug|Any CPU
		{D7BB924B-9889-4754-AC7A-5856AB53AE75}.Dev|Any CPU.ActiveCfg = DevOps|Any CPU
		{D7BB924B-9889-4754-AC7A-5856AB53AE75}.Dev|Any CPU.Build.0 = DevOps|Any CPU
		{D7BB924B-9889-4754-AC7A-5856AB53AE75}.DevOps|Any CPU.ActiveCfg = DevOps|Any CPU
		{D7BB924B-9889-4754-AC7A-5856AB53AE75}.DevOps|Any CPU.Build.0 = DevOps|Any CPU
		{D7BB924B-9889-4754-AC7A-5856AB53AE75}.QA|Any CPU.ActiveCfg = Release|Any CPU
		{D7BB924B-9889-4754-AC7A-5856AB53AE75}.QA|Any CPU.Build.0 = Release|Any CPU
		{D7BB924B-9889-4754-AC7A-5856AB53AE75}.Release|Any CPU.ActiveCfg = Release|Any CPU
		{D7BB924B-9889-4754-AC7A-5856AB53AE75}.Release|Any CPU.Build.0 = Release|Any CPU
		{6308611A-ACA7-47EF-A639-E11E266B42B5}.Debug|Any CPU.ActiveCfg = Debug|Any CPU
		{6308611A-ACA7-47EF-A639-E11E266B42B5}.Debug|Any CPU.Build.0 = Debug|Any CPU
		{6308611A-ACA7-47EF-A639-E11E266B42B5}.Dev|Any CPU.ActiveCfg = DevOps|Any CPU
		{6308611A-ACA7-47EF-A639-E11E266B42B5}.Dev|Any CPU.Build.0 = DevOps|Any CPU
		{6308611A-ACA7-47EF-A639-E11E266B42B5}.DevOps|Any CPU.ActiveCfg = DevOps|Any CPU
		{6308611A-ACA7-47EF-A639-E11E266B42B5}.DevOps|Any CPU.Build.0 = DevOps|Any CPU
		{6308611A-ACA7-47EF-A639-E11E266B42B5}.QA|Any CPU.ActiveCfg = Release|Any CPU
		{6308611A-ACA7-47EF-A639-E11E266B42B5}.QA|Any CPU.Build.0 = Release|Any CPU
		{6308611A-ACA7-47EF-A639-E11E266B42B5}.Release|Any CPU.ActiveCfg = Release|Any CPU
		{6308611A-ACA7-47EF-A639-E11E266B42B5}.Release|Any CPU.Build.0 = Release|Any CPU
		{96A886CF-6B9F-47DC-8E23-E4ACA3EE85D3}.Debug|Any CPU.ActiveCfg = Debug|Any CPU
		{96A886CF-6B9F-47DC-8E23-E4ACA3EE85D3}.Debug|Any CPU.Build.0 = Debug|Any CPU
		{96A886CF-6B9F-47DC-8E23-E4ACA3EE85D3}.Dev|Any CPU.ActiveCfg = DevOps|Any CPU
		{96A886CF-6B9F-47DC-8E23-E4ACA3EE85D3}.Dev|Any CPU.Build.0 = DevOps|Any CPU
		{96A886CF-6B9F-47DC-8E23-E4ACA3EE85D3}.DevOps|Any CPU.ActiveCfg = DevOps|Any CPU
		{96A886CF-6B9F-47DC-8E23-E4ACA3EE85D3}.DevOps|Any CPU.Build.0 = DevOps|Any CPU
		{96A886CF-6B9F-47DC-8E23-E4ACA3EE85D3}.QA|Any CPU.ActiveCfg = Release|Any CPU
		{96A886CF-6B9F-47DC-8E23-E4ACA3EE85D3}.QA|Any CPU.Build.0 = Release|Any CPU
		{96A886CF-6B9F-47DC-8E23-E4ACA3EE85D3}.Release|Any CPU.ActiveCfg = Release|Any CPU
		{96A886CF-6B9F-47DC-8E23-E4ACA3EE85D3}.Release|Any CPU.Build.0 = Release|Any CPU
		{228674A1-D95F-4F7E-8CE3-357FE0E0D77B}.Debug|Any CPU.ActiveCfg = Debug|Any CPU
		{228674A1-D95F-4F7E-8CE3-357FE0E0D77B}.Debug|Any CPU.Build.0 = Debug|Any CPU
		{228674A1-D95F-4F7E-8CE3-357FE0E0D77B}.Dev|Any CPU.ActiveCfg = DevOps|Any CPU
		{228674A1-D95F-4F7E-8CE3-357FE0E0D77B}.Dev|Any CPU.Build.0 = DevOps|Any CPU
		{228674A1-D95F-4F7E-8CE3-357FE0E0D77B}.DevOps|Any CPU.ActiveCfg = DevOps|Any CPU
		{228674A1-D95F-4F7E-8CE3-357FE0E0D77B}.DevOps|Any CPU.Build.0 = DevOps|Any CPU
		{228674A1-D95F-4F7E-8CE3-357FE0E0D77B}.QA|Any CPU.ActiveCfg = Release|Any CPU
		{228674A1-D95F-4F7E-8CE3-357FE0E0D77B}.QA|Any CPU.Build.0 = Release|Any CPU
		{228674A1-D95F-4F7E-8CE3-357FE0E0D77B}.Release|Any CPU.ActiveCfg = Release|Any CPU
		{228674A1-D95F-4F7E-8CE3-357FE0E0D77B}.Release|Any CPU.Build.0 = Release|Any CPU
		{29D455B7-CCD1-465B-A7F9-3D4AD1AF5AB4}.Debug|Any CPU.ActiveCfg = Debug|Any CPU
		{29D455B7-CCD1-465B-A7F9-3D4AD1AF5AB4}.Debug|Any CPU.Build.0 = Debug|Any CPU
		{29D455B7-CCD1-465B-A7F9-3D4AD1AF5AB4}.Dev|Any CPU.ActiveCfg = DevOps|Any CPU
		{29D455B7-CCD1-465B-A7F9-3D4AD1AF5AB4}.Dev|Any CPU.Build.0 = DevOps|Any CPU
		{29D455B7-CCD1-465B-A7F9-3D4AD1AF5AB4}.DevOps|Any CPU.ActiveCfg = DevOps|Any CPU
		{29D455B7-CCD1-465B-A7F9-3D4AD1AF5AB4}.DevOps|Any CPU.Build.0 = DevOps|Any CPU
		{29D455B7-CCD1-465B-A7F9-3D4AD1AF5AB4}.QA|Any CPU.ActiveCfg = Release|Any CPU
		{29D455B7-CCD1-465B-A7F9-3D4AD1AF5AB4}.QA|Any CPU.Build.0 = Release|Any CPU
		{29D455B7-CCD1-465B-A7F9-3D4AD1AF5AB4}.Release|Any CPU.ActiveCfg = Release|Any CPU
		{29D455B7-CCD1-465B-A7F9-3D4AD1AF5AB4}.Release|Any CPU.Build.0 = Release|Any CPU
		{1FC84E5D-1965-433A-87E1-CD8C767D878D}.Debug|Any CPU.ActiveCfg = Debug|Any CPU
		{1FC84E5D-1965-433A-87E1-CD8C767D878D}.Debug|Any CPU.Build.0 = Debug|Any CPU
		{1FC84E5D-1965-433A-87E1-CD8C767D878D}.Dev|Any CPU.ActiveCfg = DevOps|Any CPU
		{1FC84E5D-1965-433A-87E1-CD8C767D878D}.Dev|Any CPU.Build.0 = DevOps|Any CPU
		{1FC84E5D-1965-433A-87E1-CD8C767D878D}.DevOps|Any CPU.ActiveCfg = DevOps|Any CPU
		{1FC84E5D-1965-433A-87E1-CD8C767D878D}.DevOps|Any CPU.Build.0 = DevOps|Any CPU
		{1FC84E5D-1965-433A-87E1-CD8C767D878D}.QA|Any CPU.ActiveCfg = Release|Any CPU
		{1FC84E5D-1965-433A-87E1-CD8C767D878D}.QA|Any CPU.Build.0 = Release|Any CPU
		{1FC84E5D-1965-433A-87E1-CD8C767D878D}.Release|Any CPU.ActiveCfg = Release|Any CPU
		{1FC84E5D-1965-433A-87E1-CD8C767D878D}.Release|Any CPU.Build.0 = Release|Any CPU
		{455104A9-8771-44FA-A033-DE2003A91CBC}.Debug|Any CPU.ActiveCfg = Debug|Any CPU
		{455104A9-8771-44FA-A033-DE2003A91CBC}.Debug|Any CPU.Build.0 = Debug|Any CPU
		{455104A9-8771-44FA-A033-DE2003A91CBC}.Dev|Any CPU.ActiveCfg = DevOps|Any CPU
		{455104A9-8771-44FA-A033-DE2003A91CBC}.Dev|Any CPU.Build.0 = DevOps|Any CPU
		{455104A9-8771-44FA-A033-DE2003A91CBC}.DevOps|Any CPU.ActiveCfg = DevOps|Any CPU
		{455104A9-8771-44FA-A033-DE2003A91CBC}.DevOps|Any CPU.Build.0 = DevOps|Any CPU
		{455104A9-8771-44FA-A033-DE2003A91CBC}.QA|Any CPU.ActiveCfg = Release|Any CPU
		{455104A9-8771-44FA-A033-DE2003A91CBC}.QA|Any CPU.Build.0 = Release|Any CPU
		{455104A9-8771-44FA-A033-DE2003A91CBC}.Release|Any CPU.ActiveCfg = Release|Any CPU
		{455104A9-8771-44FA-A033-DE2003A91CBC}.Release|Any CPU.Build.0 = Release|Any CPU
		{E0C1E6D0-1492-47FF-B80F-139A47DF9A08}.Debug|Any CPU.ActiveCfg = Debug|Any CPU
		{E0C1E6D0-1492-47FF-B80F-139A47DF9A08}.Debug|Any CPU.Build.0 = Debug|Any CPU
		{E0C1E6D0-1492-47FF-B80F-139A47DF9A08}.Dev|Any CPU.ActiveCfg = Dev|Any CPU
		{E0C1E6D0-1492-47FF-B80F-139A47DF9A08}.Dev|Any CPU.Build.0 = Dev|Any CPU
		{E0C1E6D0-1492-47FF-B80F-139A47DF9A08}.DevOps|Any CPU.ActiveCfg = DevOps|Any CPU
		{E0C1E6D0-1492-47FF-B80F-139A47DF9A08}.DevOps|Any CPU.Build.0 = DevOps|Any CPU
		{E0C1E6D0-1492-47FF-B80F-139A47DF9A08}.QA|Any CPU.ActiveCfg = QA|Any CPU
		{E0C1E6D0-1492-47FF-B80F-139A47DF9A08}.QA|Any CPU.Build.0 = QA|Any CPU
		{E0C1E6D0-1492-47FF-B80F-139A47DF9A08}.Release|Any CPU.ActiveCfg = Release|Any CPU
		{E0C1E6D0-1492-47FF-B80F-139A47DF9A08}.Release|Any CPU.Build.0 = Release|Any CPU
		{83A6824A-825C-4AC6-9DAA-B1D6E4AD6256}.Debug|Any CPU.ActiveCfg = Debug|Any CPU
		{83A6824A-825C-4AC6-9DAA-B1D6E4AD6256}.Debug|Any CPU.Build.0 = Debug|Any CPU
		{83A6824A-825C-4AC6-9DAA-B1D6E4AD6256}.Dev|Any CPU.ActiveCfg = Dev|Any CPU
		{83A6824A-825C-4AC6-9DAA-B1D6E4AD6256}.Dev|Any CPU.Build.0 = Dev|Any CPU
		{83A6824A-825C-4AC6-9DAA-B1D6E4AD6256}.DevOps|Any CPU.ActiveCfg = DevOps|Any CPU
		{83A6824A-825C-4AC6-9DAA-B1D6E4AD6256}.DevOps|Any CPU.Build.0 = DevOps|Any CPU
		{83A6824A-825C-4AC6-9DAA-B1D6E4AD6256}.QA|Any CPU.ActiveCfg = QA|Any CPU
		{83A6824A-825C-4AC6-9DAA-B1D6E4AD6256}.QA|Any CPU.Build.0 = QA|Any CPU
		{83A6824A-825C-4AC6-9DAA-B1D6E4AD6256}.Release|Any CPU.ActiveCfg = Release|Any CPU
		{83A6824A-825C-4AC6-9DAA-B1D6E4AD6256}.Release|Any CPU.Build.0 = Release|Any CPU
		{2BDBAF30-BEBD-43E5-AD35-EA4762DAC0F4}.Debug|Any CPU.ActiveCfg = Debug|Any CPU
		{2BDBAF30-BEBD-43E5-AD35-EA4762DAC0F4}.Debug|Any CPU.Build.0 = Debug|Any CPU
		{2BDBAF30-BEBD-43E5-AD35-EA4762DAC0F4}.Dev|Any CPU.ActiveCfg = Debug|Any CPU
		{2BDBAF30-BEBD-43E5-AD35-EA4762DAC0F4}.Dev|Any CPU.Build.0 = Debug|Any CPU
		{2BDBAF30-BEBD-43E5-AD35-EA4762DAC0F4}.DevOps|Any CPU.ActiveCfg = Debug|Any CPU
		{2BDBAF30-BEBD-43E5-AD35-EA4762DAC0F4}.DevOps|Any CPU.Build.0 = Debug|Any CPU
		{2BDBAF30-BEBD-43E5-AD35-EA4762DAC0F4}.QA|Any CPU.ActiveCfg = Release|Any CPU
		{2BDBAF30-BEBD-43E5-AD35-EA4762DAC0F4}.QA|Any CPU.Build.0 = Release|Any CPU
		{2BDBAF30-BEBD-43E5-AD35-EA4762DAC0F4}.Release|Any CPU.ActiveCfg = Release|Any CPU
		{2BDBAF30-BEBD-43E5-AD35-EA4762DAC0F4}.Release|Any CPU.Build.0 = Release|Any CPU
		{A6A1C7AE-172E-4B3D-A22C-C3A99D919DFD}.Debug|Any CPU.ActiveCfg = Debug|Any CPU
		{A6A1C7AE-172E-4B3D-A22C-C3A99D919DFD}.Debug|Any CPU.Build.0 = Debug|Any CPU
		{A6A1C7AE-172E-4B3D-A22C-C3A99D919DFD}.Dev|Any CPU.ActiveCfg = Dev|Any CPU
		{A6A1C7AE-172E-4B3D-A22C-C3A99D919DFD}.Dev|Any CPU.Build.0 = Dev|Any CPU
		{A6A1C7AE-172E-4B3D-A22C-C3A99D919DFD}.DevOps|Any CPU.ActiveCfg = DevOps|Any CPU
		{A6A1C7AE-172E-4B3D-A22C-C3A99D919DFD}.DevOps|Any CPU.Build.0 = DevOps|Any CPU
		{A6A1C7AE-172E-4B3D-A22C-C3A99D919DFD}.QA|Any CPU.ActiveCfg = QA|Any CPU
		{A6A1C7AE-172E-4B3D-A22C-C3A99D919DFD}.QA|Any CPU.Build.0 = QA|Any CPU
		{A6A1C7AE-172E-4B3D-A22C-C3A99D919DFD}.Release|Any CPU.ActiveCfg = Release|Any CPU
		{A6A1C7AE-172E-4B3D-A22C-C3A99D919DFD}.Release|Any CPU.Build.0 = Release|Any CPU
		{312A998A-370F-4AD5-B8F9-E93463BAAD67}.Debug|Any CPU.ActiveCfg = Debug|Any CPU
		{312A998A-370F-4AD5-B8F9-E93463BAAD67}.Debug|Any CPU.Build.0 = Debug|Any CPU
		{312A998A-370F-4AD5-B8F9-E93463BAAD67}.Dev|Any CPU.ActiveCfg = Debug|Any CPU
		{312A998A-370F-4AD5-B8F9-E93463BAAD67}.Dev|Any CPU.Build.0 = Debug|Any CPU
		{312A998A-370F-4AD5-B8F9-E93463BAAD67}.DevOps|Any CPU.ActiveCfg = Debug|Any CPU
		{312A998A-370F-4AD5-B8F9-E93463BAAD67}.DevOps|Any CPU.Build.0 = Debug|Any CPU
		{312A998A-370F-4AD5-B8F9-E93463BAAD67}.QA|Any CPU.ActiveCfg = Release|Any CPU
		{312A998A-370F-4AD5-B8F9-E93463BAAD67}.QA|Any CPU.Build.0 = Release|Any CPU
		{312A998A-370F-4AD5-B8F9-E93463BAAD67}.Release|Any CPU.ActiveCfg = Release|Any CPU
		{312A998A-370F-4AD5-B8F9-E93463BAAD67}.Release|Any CPU.Build.0 = Release|Any CPU
		{99C0A157-2BD7-47DF-BAAF-9892CA6F5960}.Debug|Any CPU.ActiveCfg = Debug|Any CPU
		{99C0A157-2BD7-47DF-BAAF-9892CA6F5960}.Debug|Any CPU.Build.0 = Debug|Any CPU
		{99C0A157-2BD7-47DF-BAAF-9892CA6F5960}.Dev|Any CPU.ActiveCfg = Debug|Any CPU
		{99C0A157-2BD7-47DF-BAAF-9892CA6F5960}.Dev|Any CPU.Build.0 = Debug|Any CPU
		{99C0A157-2BD7-47DF-BAAF-9892CA6F5960}.DevOps|Any CPU.ActiveCfg = Debug|Any CPU
		{99C0A157-2BD7-47DF-BAAF-9892CA6F5960}.DevOps|Any CPU.Build.0 = Debug|Any CPU
		{99C0A157-2BD7-47DF-BAAF-9892CA6F5960}.QA|Any CPU.ActiveCfg = Release|Any CPU
		{99C0A157-2BD7-47DF-BAAF-9892CA6F5960}.QA|Any CPU.Build.0 = Release|Any CPU
		{99C0A157-2BD7-47DF-BAAF-9892CA6F5960}.Release|Any CPU.ActiveCfg = Release|Any CPU
		{99C0A157-2BD7-47DF-BAAF-9892CA6F5960}.Release|Any CPU.Build.0 = Release|Any CPU
		{7DF62EFE-D11E-4141-B5B0-5694D4722AA8}.Debug|Any CPU.ActiveCfg = Debug|Any CPU
		{7DF62EFE-D11E-4141-B5B0-5694D4722AA8}.Debug|Any CPU.Build.0 = Debug|Any CPU
		{7DF62EFE-D11E-4141-B5B0-5694D4722AA8}.Dev|Any CPU.ActiveCfg = Debug|Any CPU
		{7DF62EFE-D11E-4141-B5B0-5694D4722AA8}.Dev|Any CPU.Build.0 = Debug|Any CPU
		{7DF62EFE-D11E-4141-B5B0-5694D4722AA8}.DevOps|Any CPU.ActiveCfg = Debug|Any CPU
		{7DF62EFE-D11E-4141-B5B0-5694D4722AA8}.DevOps|Any CPU.Build.0 = Debug|Any CPU
		{7DF62EFE-D11E-4141-B5B0-5694D4722AA8}.QA|Any CPU.ActiveCfg = Release|Any CPU
		{7DF62EFE-D11E-4141-B5B0-5694D4722AA8}.QA|Any CPU.Build.0 = Release|Any CPU
		{7DF62EFE-D11E-4141-B5B0-5694D4722AA8}.Release|Any CPU.ActiveCfg = Release|Any CPU
		{7DF62EFE-D11E-4141-B5B0-5694D4722AA8}.Release|Any CPU.Build.0 = Release|Any CPU
		{C8844437-998F-4371-8DEA-53BE5E4A2DD8}.Debug|Any CPU.ActiveCfg = Debug|Any CPU
		{C8844437-998F-4371-8DEA-53BE5E4A2DD8}.Debug|Any CPU.Build.0 = Debug|Any CPU
		{C8844437-998F-4371-8DEA-53BE5E4A2DD8}.Dev|Any CPU.ActiveCfg = Debug|Any CPU
		{C8844437-998F-4371-8DEA-53BE5E4A2DD8}.Dev|Any CPU.Build.0 = Debug|Any CPU
		{C8844437-998F-4371-8DEA-53BE5E4A2DD8}.DevOps|Any CPU.ActiveCfg = Debug|Any CPU
		{C8844437-998F-4371-8DEA-53BE5E4A2DD8}.DevOps|Any CPU.Build.0 = Debug|Any CPU
		{C8844437-998F-4371-8DEA-53BE5E4A2DD8}.QA|Any CPU.ActiveCfg = Release|Any CPU
		{C8844437-998F-4371-8DEA-53BE5E4A2DD8}.QA|Any CPU.Build.0 = Release|Any CPU
		{C8844437-998F-4371-8DEA-53BE5E4A2DD8}.Release|Any CPU.ActiveCfg = Release|Any CPU
		{C8844437-998F-4371-8DEA-53BE5E4A2DD8}.Release|Any CPU.Build.0 = Release|Any CPU
	EndGlobalSection
	GlobalSection(SolutionProperties) = preSolution
		HideSolutionNode = FALSE
	EndGlobalSection
	GlobalSection(NestedProjects) = preSolution
		{8E52B0E0-0399-4412-94AD-104E07C0B963} = {D370FCBB-4412-4BE7-9356-64D4D0AABA70}
		{13119FDB-64D4-408F-9512-93262ADA0DD8} = {8E52B0E0-0399-4412-94AD-104E07C0B963}
		{C01D4FBB-352A-4F77-A3F0-A4A5E423F968} = {D370FCBB-4412-4BE7-9356-64D4D0AABA70}
		{FBB216D9-F8E6-454F-9CFF-AE86AB667B79} = {C01D4FBB-352A-4F77-A3F0-A4A5E423F968}
		{B0B56B5F-0571-4E8C-986A-968D21F848C0} = {D370FCBB-4412-4BE7-9356-64D4D0AABA70}
		{74666CF6-97CD-4C50-B551-889DA4F0A6BF} = {B0B56B5F-0571-4E8C-986A-968D21F848C0}
		{33414BB1-D597-434C-868C-B921FEF86038} = {D370FCBB-4412-4BE7-9356-64D4D0AABA70}
		{70BA1B4A-5F66-45C6-861C-37965E3F0191} = {33414BB1-D597-434C-868C-B921FEF86038}
		{7A8D8D11-800D-47B3-93FE-DFEABEAEC63D} = {D370FCBB-4412-4BE7-9356-64D4D0AABA70}
		{D7BB924B-9889-4754-AC7A-5856AB53AE75} = {7A8D8D11-800D-47B3-93FE-DFEABEAEC63D}
		{2C1B2AEB-BB22-4E94-B2D2-236BEAB6E985} = {D370FCBB-4412-4BE7-9356-64D4D0AABA70}
		{6308611A-ACA7-47EF-A639-E11E266B42B5} = {2C1B2AEB-BB22-4E94-B2D2-236BEAB6E985}
		{0AC549D2-7598-49CC-B5CB-BB2CBE301EE0} = {D370FCBB-4412-4BE7-9356-64D4D0AABA70}
		{96A886CF-6B9F-47DC-8E23-E4ACA3EE85D3} = {0AC549D2-7598-49CC-B5CB-BB2CBE301EE0}
		{7D3BFDA4-DC21-48CC-97C7-9F9A4AA9FA55} = {EFC7128E-B998-4190-9FCB-5CAA7D36D51C}
		{228674A1-D95F-4F7E-8CE3-357FE0E0D77B} = {7D3BFDA4-DC21-48CC-97C7-9F9A4AA9FA55}
		{AB2103AF-DBDD-49D4-AF0F-EC24A438C399} = {D370FCBB-4412-4BE7-9356-64D4D0AABA70}
		{29D455B7-CCD1-465B-A7F9-3D4AD1AF5AB4} = {AB2103AF-DBDD-49D4-AF0F-EC24A438C399}
		{1FC84E5D-1965-433A-87E1-CD8C767D878D} = {AB2103AF-DBDD-49D4-AF0F-EC24A438C399}
		{455104A9-8771-44FA-A033-DE2003A91CBC} = {AB2103AF-DBDD-49D4-AF0F-EC24A438C399}
		{621A3F43-0FBE-4DEC-AE4D-94F62A2A090C} = {D370FCBB-4412-4BE7-9356-64D4D0AABA70}
		{E0C1E6D0-1492-47FF-B80F-139A47DF9A08} = {621A3F43-0FBE-4DEC-AE4D-94F62A2A090C}
		{4D0B4427-CE37-44D8-B474-22A1B46F3EE6} = {D370FCBB-4412-4BE7-9356-64D4D0AABA70}
		{83A6824A-825C-4AC6-9DAA-B1D6E4AD6256} = {4D0B4427-CE37-44D8-B474-22A1B46F3EE6}
		{4E260158-F92E-4B4B-9F2C-002F14741BFE} = {D370FCBB-4412-4BE7-9356-64D4D0AABA70}
		{2BDBAF30-BEBD-43E5-AD35-EA4762DAC0F4} = {4E260158-F92E-4B4B-9F2C-002F14741BFE}
		{8AEEF95C-BA37-4418-9971-0AA02D162C96} = {D370FCBB-4412-4BE7-9356-64D4D0AABA70}
		{A6A1C7AE-172E-4B3D-A22C-C3A99D919DFD} = {8AEEF95C-BA37-4418-9971-0AA02D162C96}
		{4D1880AE-D5B4-4BC9-9D4C-847A1DF3FAC0} = {D370FCBB-4412-4BE7-9356-64D4D0AABA70}
		{312A998A-370F-4AD5-B8F9-E93463BAAD67} = {4D1880AE-D5B4-4BC9-9D4C-847A1DF3FAC0}
		{99C0A157-2BD7-47DF-BAAF-9892CA6F5960} = {7D3BFDA4-DC21-48CC-97C7-9F9A4AA9FA55}
		{7DF62EFE-D11E-4141-B5B0-5694D4722AA8} = {AB2103AF-DBDD-49D4-AF0F-EC24A438C399}
		{C8844437-998F-4371-8DEA-53BE5E4A2DD8} = {92ED686F-8199-4D83-8AFA-3C43BA4ADA6F}
		{92ED686F-8199-4D83-8AFA-3C43BA4ADA6F} = {D370FCBB-4412-4BE7-9356-64D4D0AABA70}
	EndGlobalSection
	GlobalSection(ExtensibilityGlobals) = postSolution
		EnterpriseLibraryConfigurationToolBinariesPathV6 = packages\EnterpriseLibrary.Common.6.0.1304.0\lib\NET45;packages\EnterpriseLibrary.TransientFaultHandling.6.0.1304.0\lib\portable-net45+win+wp8;packages\EnterpriseLibrary.TransientFaultHandling.Caching.6.0.1304.0\lib\NET45;packages\EnterpriseLibrary.TransientFaultHandling.Data.6.0.1304.1\lib\NET45;packages\EnterpriseLibrary.TransientFaultHandling.ServiceBus.6.0.1304.0\lib\NET45;packages\EnterpriseLibrary.TransientFaultHandling.WindowsAzure.Storage.6.0.1304.0\lib\NET45;packages\EnterpriseLibrary.TransientFaultHandling.Configuration.6.0.1304.0\lib\NET45
		SolutionGuid = {95243106-40BA-4EBD-9C62-36D750759E72}
	EndGlobalSection
EndGlobal
